// !$*UTF8*$!
{
	archiveVersion = 1;
	classes = {
	};
	objectVersion = 48;
	objects = {

/* Begin PBXBuildFile section */
		420F153DF229A009B109BAD9 /* Pods_notsofast.framework in Frameworks */ = {isa = PBXBuildFile; fileRef = EC4E00DF96029E40F7EB3BE3 /* Pods_notsofast.framework */; };
		A25D314E38D4A07F5DFB9DF6 /* Pods_notsofastTests.framework in Frameworks */ = {isa = PBXBuildFile; fileRef = 5C7E6E29EB55ED53B70227E0 /* Pods_notsofastTests.framework */; };
		D10170CD20A3715B00E748A4 /* Meal.swift in Sources */ = {isa = PBXBuildFile; fileRef = D10170CC20A3715B00E748A4 /* Meal.swift */; };
		D11E81EF2094BE8400B87926 /* AppDelegate.swift in Sources */ = {isa = PBXBuildFile; fileRef = D11E81EE2094BE8400B87926 /* AppDelegate.swift */; };
		D11E81F62094BE8400B87926 /* Assets.xcassets in Resources */ = {isa = PBXBuildFile; fileRef = D11E81F52094BE8400B87926 /* Assets.xcassets */; };
		D11E81F92094BE8400B87926 /* LaunchScreen.storyboard in Resources */ = {isa = PBXBuildFile; fileRef = D11E81F72094BE8400B87926 /* LaunchScreen.storyboard */; };
		D11E82042094BE8400B87926 /* notsofastTests.swift in Sources */ = {isa = PBXBuildFile; fileRef = D11E82032094BE8400B87926 /* notsofastTests.swift */; };
		D11E820F2094BE8400B87926 /* notsofastUITests.swift in Sources */ = {isa = PBXBuildFile; fileRef = D11E820E2094BE8400B87926 /* notsofastUITests.swift */; };
		D12F651F211DF43600026FDC /* DateExtension.swift in Sources */ = {isa = PBXBuildFile; fileRef = D12F651E211DF43600026FDC /* DateExtension.swift */; };
		D14595BE211C817D00966BD9 /* MealListFlowLayout.swift in Sources */ = {isa = PBXBuildFile; fileRef = D14595BD211C817D00966BD9 /* MealListFlowLayout.swift */; };
		D14595C0211C9D3C00966BD9 /* ViewModel.swift in Sources */ = {isa = PBXBuildFile; fileRef = D14595BF211C9D3C00966BD9 /* ViewModel.swift */; };
		D18A2E0820AA0FFA0076227E /* UIColorPreset.swift in Sources */ = {isa = PBXBuildFile; fileRef = D18A2E0720AA0FFA0076227E /* UIColorPreset.swift */; };
		D18A2E0D20AB6B9A0076227E /* MealsModel.xcdatamodeld in Sources */ = {isa = PBXBuildFile; fileRef = D18A2E0B20AB6B9A0076227E /* MealsModel.xcdatamodeld */; };
		D18A2E0F20AB6E640076227E /* Constants.swift in Sources */ = {isa = PBXBuildFile; fileRef = D18A2E0E20AB6E640076227E /* Constants.swift */; };
		D19B0A8D20ADF7A2003A27B9 /* MealContainer.swift in Sources */ = {isa = PBXBuildFile; fileRef = D19B0A8C20ADF7A2003A27B9 /* MealContainer.swift */; };
		D19B0A8F20ADFCB9003A27B9 /* MealEntityExtension.swift in Sources */ = {isa = PBXBuildFile; fileRef = D19B0A8E20ADFCB9003A27B9 /* MealEntityExtension.swift */; };
		D19E765A211B474D002B83B1 /* CollectingFetchDelegate.swift in Sources */ = {isa = PBXBuildFile; fileRef = D19E7659211B474D002B83B1 /* CollectingFetchDelegate.swift */; };
		D19E765C211B6E29002B83B1 /* MealCollectionViewCell.swift in Sources */ = {isa = PBXBuildFile; fileRef = D19E765B211B6E29002B83B1 /* MealCollectionViewCell.swift */; };
		D1A9CF902118B52400E42167 /* MealListViewController.swift in Sources */ = {isa = PBXBuildFile; fileRef = D1A9CF8F2118B52400E42167 /* MealListViewController.swift */; };
		D1B9598F2119EEEA0045A9E2 /* NewEditMealViewController.swift in Sources */ = {isa = PBXBuildFile; fileRef = D1B9598E2119EEEA0045A9E2 /* NewEditMealViewController.swift */; };
		D1B959922119F4AE0045A9E2 /* MealListViewModel.swift in Sources */ = {isa = PBXBuildFile; fileRef = D1B959912119F4AE0045A9E2 /* MealListViewModel.swift */; };
		D1B959962119FC370045A9E2 /* ProxyDataSource.swift in Sources */ = {isa = PBXBuildFile; fileRef = D1B959952119FC370045A9E2 /* ProxyDataSource.swift */; };
		D1B95998211A0D990045A9E2 /* DataProvider.swift in Sources */ = {isa = PBXBuildFile; fileRef = D1B95997211A0D990045A9E2 /* DataProvider.swift */; };
		D1B9599A211A24A80045A9E2 /* MealListDataProvider.swift in Sources */ = {isa = PBXBuildFile; fileRef = D1B95999211A24A80045A9E2 /* MealListDataProvider.swift */; };
		D1F4FB7F20E119BE0058CBFB /* LocalizableStrings.strings in Resources */ = {isa = PBXBuildFile; fileRef = D1F4FB7E20E119BE0058CBFB /* LocalizableStrings.strings */; };
		D1F4FB8220E11B8F0058CBFB /* R.generated.swift in Sources */ = {isa = PBXBuildFile; fileRef = D1F4FB8120E11B8F0058CBFB /* R.generated.swift */; };
		D1F4FB8520E12B830058CBFB /* NSFLog.swift in Sources */ = {isa = PBXBuildFile; fileRef = D1F4FB8420E12B830058CBFB /* NSFLog.swift */; };
		D1F4FB8720E182B20058CBFB /* CoreDataProvider.swift in Sources */ = {isa = PBXBuildFile; fileRef = D1F4FB8620E182B20058CBFB /* CoreDataProvider.swift */; };
		D1F4FB8C20E2B14B0058CBFB /* EditMealViewModel.swift in Sources */ = {isa = PBXBuildFile; fileRef = D1F4FB8B20E2B14B0058CBFB /* EditMealViewModel.swift */; };
/* End PBXBuildFile section */

/* Begin PBXContainerItemProxy section */
		D11E82002094BE8400B87926 /* PBXContainerItemProxy */ = {
			isa = PBXContainerItemProxy;
			containerPortal = D11E81E32094BE8400B87926 /* Project object */;
			proxyType = 1;
			remoteGlobalIDString = D11E81EA2094BE8400B87926;
			remoteInfo = notsofast;
		};
		D11E820B2094BE8400B87926 /* PBXContainerItemProxy */ = {
			isa = PBXContainerItemProxy;
			containerPortal = D11E81E32094BE8400B87926 /* Project object */;
			proxyType = 1;
			remoteGlobalIDString = D11E81EA2094BE8400B87926;
			remoteInfo = notsofast;
		};
/* End PBXContainerItemProxy section */

/* Begin PBXFileReference section */
		2AFC1E81303FB634DB003238 /* Pods-notsofast.debug.xcconfig */ = {isa = PBXFileReference; includeInIndex = 1; lastKnownFileType = text.xcconfig; name = "Pods-notsofast.debug.xcconfig"; path = "Pods/Target Support Files/Pods-notsofast/Pods-notsofast.debug.xcconfig"; sourceTree = "<group>"; };
		5C7E6E29EB55ED53B70227E0 /* Pods_notsofastTests.framework */ = {isa = PBXFileReference; explicitFileType = wrapper.framework; includeInIndex = 0; path = Pods_notsofastTests.framework; sourceTree = BUILT_PRODUCTS_DIR; };
		BAB29090D41CAACA539FCBCC /* Pods-notsofastTests.debug.xcconfig */ = {isa = PBXFileReference; includeInIndex = 1; lastKnownFileType = text.xcconfig; name = "Pods-notsofastTests.debug.xcconfig"; path = "Pods/Target Support Files/Pods-notsofastTests/Pods-notsofastTests.debug.xcconfig"; sourceTree = "<group>"; };
		D10170CC20A3715B00E748A4 /* Meal.swift */ = {isa = PBXFileReference; lastKnownFileType = sourcecode.swift; path = Meal.swift; sourceTree = "<group>"; };
		D11E81EB2094BE8400B87926 /* notsofast.app */ = {isa = PBXFileReference; explicitFileType = wrapper.application; includeInIndex = 0; path = notsofast.app; sourceTree = BUILT_PRODUCTS_DIR; };
		D11E81EE2094BE8400B87926 /* AppDelegate.swift */ = {isa = PBXFileReference; lastKnownFileType = sourcecode.swift; path = AppDelegate.swift; sourceTree = "<group>"; };
		D11E81F52094BE8400B87926 /* Assets.xcassets */ = {isa = PBXFileReference; lastKnownFileType = folder.assetcatalog; path = Assets.xcassets; sourceTree = "<group>"; };
		D11E81F82094BE8400B87926 /* Base */ = {isa = PBXFileReference; lastKnownFileType = file.storyboard; name = Base; path = Base.lproj/LaunchScreen.storyboard; sourceTree = "<group>"; };
		D11E81FA2094BE8400B87926 /* Info.plist */ = {isa = PBXFileReference; lastKnownFileType = text.plist.xml; path = Info.plist; sourceTree = "<group>"; };
		D11E81FF2094BE8400B87926 /* notsofastTests.xctest */ = {isa = PBXFileReference; explicitFileType = wrapper.cfbundle; includeInIndex = 0; path = notsofastTests.xctest; sourceTree = BUILT_PRODUCTS_DIR; };
		D11E82032094BE8400B87926 /* notsofastTests.swift */ = {isa = PBXFileReference; lastKnownFileType = sourcecode.swift; path = notsofastTests.swift; sourceTree = "<group>"; };
		D11E82052094BE8400B87926 /* Info.plist */ = {isa = PBXFileReference; lastKnownFileType = text.plist.xml; path = Info.plist; sourceTree = "<group>"; };
		D11E820A2094BE8400B87926 /* notsofastUITests.xctest */ = {isa = PBXFileReference; explicitFileType = wrapper.cfbundle; includeInIndex = 0; path = notsofastUITests.xctest; sourceTree = BUILT_PRODUCTS_DIR; };
		D11E820E2094BE8400B87926 /* notsofastUITests.swift */ = {isa = PBXFileReference; lastKnownFileType = sourcecode.swift; path = notsofastUITests.swift; sourceTree = "<group>"; };
		D11E82102094BE8400B87926 /* Info.plist */ = {isa = PBXFileReference; lastKnownFileType = text.plist.xml; path = Info.plist; sourceTree = "<group>"; };
		D12F651E211DF43600026FDC /* DateExtension.swift */ = {isa = PBXFileReference; lastKnownFileType = sourcecode.swift; path = DateExtension.swift; sourceTree = "<group>"; };
		D14595BD211C817D00966BD9 /* MealListFlowLayout.swift */ = {isa = PBXFileReference; lastKnownFileType = sourcecode.swift; path = MealListFlowLayout.swift; sourceTree = "<group>"; };
		D14595BF211C9D3C00966BD9 /* ViewModel.swift */ = {isa = PBXFileReference; lastKnownFileType = sourcecode.swift; path = ViewModel.swift; sourceTree = "<group>"; };
		D18A2E0720AA0FFA0076227E /* UIColorPreset.swift */ = {isa = PBXFileReference; lastKnownFileType = sourcecode.swift; path = UIColorPreset.swift; sourceTree = "<group>"; };
		D18A2E0C20AB6B9A0076227E /* MealsModel.xcdatamodel */ = {isa = PBXFileReference; lastKnownFileType = wrapper.xcdatamodel; path = MealsModel.xcdatamodel; sourceTree = "<group>"; };
		D18A2E0E20AB6E640076227E /* Constants.swift */ = {isa = PBXFileReference; lastKnownFileType = sourcecode.swift; path = Constants.swift; sourceTree = "<group>"; };
		D19B0A8C20ADF7A2003A27B9 /* MealContainer.swift */ = {isa = PBXFileReference; lastKnownFileType = sourcecode.swift; path = MealContainer.swift; sourceTree = "<group>"; };
		D19B0A8E20ADFCB9003A27B9 /* MealEntityExtension.swift */ = {isa = PBXFileReference; lastKnownFileType = sourcecode.swift; path = MealEntityExtension.swift; sourceTree = "<group>"; };
		D19E7659211B474D002B83B1 /* CollectingFetchDelegate.swift */ = {isa = PBXFileReference; lastKnownFileType = sourcecode.swift; path = CollectingFetchDelegate.swift; sourceTree = "<group>"; };
		D19E765B211B6E29002B83B1 /* MealCollectionViewCell.swift */ = {isa = PBXFileReference; lastKnownFileType = sourcecode.swift; path = MealCollectionViewCell.swift; sourceTree = "<group>"; };
		D1A9CF8F2118B52400E42167 /* MealListViewController.swift */ = {isa = PBXFileReference; lastKnownFileType = sourcecode.swift; path = MealListViewController.swift; sourceTree = "<group>"; };
		D1B9598E2119EEEA0045A9E2 /* NewEditMealViewController.swift */ = {isa = PBXFileReference; fileEncoding = 4; lastKnownFileType = sourcecode.swift; path = NewEditMealViewController.swift; sourceTree = "<group>"; };
		D1B959912119F4AE0045A9E2 /* MealListViewModel.swift */ = {isa = PBXFileReference; lastKnownFileType = sourcecode.swift; path = MealListViewModel.swift; sourceTree = "<group>"; };
		D1B959952119FC370045A9E2 /* ProxyDataSource.swift */ = {isa = PBXFileReference; lastKnownFileType = sourcecode.swift; path = ProxyDataSource.swift; sourceTree = "<group>"; };
		D1B95997211A0D990045A9E2 /* DataProvider.swift */ = {isa = PBXFileReference; lastKnownFileType = sourcecode.swift; path = DataProvider.swift; sourceTree = "<group>"; };
		D1B95999211A24A80045A9E2 /* MealListDataProvider.swift */ = {isa = PBXFileReference; lastKnownFileType = sourcecode.swift; path = MealListDataProvider.swift; sourceTree = "<group>"; };
		D1F4FB7E20E119BE0058CBFB /* LocalizableStrings.strings */ = {isa = PBXFileReference; lastKnownFileType = text.plist.strings; path = LocalizableStrings.strings; sourceTree = "<group>"; };
		D1F4FB8120E11B8F0058CBFB /* R.generated.swift */ = {isa = PBXFileReference; fileEncoding = 4; lastKnownFileType = sourcecode.swift; path = R.generated.swift; sourceTree = SOURCE_ROOT; };
		D1F4FB8420E12B830058CBFB /* NSFLog.swift */ = {isa = PBXFileReference; lastKnownFileType = sourcecode.swift; path = NSFLog.swift; sourceTree = "<group>"; };
		D1F4FB8620E182B20058CBFB /* CoreDataProvider.swift */ = {isa = PBXFileReference; lastKnownFileType = sourcecode.swift; path = CoreDataProvider.swift; sourceTree = "<group>"; };
		D1F4FB8B20E2B14B0058CBFB /* EditMealViewModel.swift */ = {isa = PBXFileReference; lastKnownFileType = sourcecode.swift; path = EditMealViewModel.swift; sourceTree = "<group>"; };
		D528B5F2609F38BB957A8516 /* Pods-notsofast.release.xcconfig */ = {isa = PBXFileReference; includeInIndex = 1; lastKnownFileType = text.xcconfig; name = "Pods-notsofast.release.xcconfig"; path = "Pods/Target Support Files/Pods-notsofast/Pods-notsofast.release.xcconfig"; sourceTree = "<group>"; };
		EC4E00DF96029E40F7EB3BE3 /* Pods_notsofast.framework */ = {isa = PBXFileReference; explicitFileType = wrapper.framework; includeInIndex = 0; path = Pods_notsofast.framework; sourceTree = BUILT_PRODUCTS_DIR; };
		FC8D8A5AF0A0D9B9A7131A4F /* Pods-notsofastTests.release.xcconfig */ = {isa = PBXFileReference; includeInIndex = 1; lastKnownFileType = text.xcconfig; name = "Pods-notsofastTests.release.xcconfig"; path = "Pods/Target Support Files/Pods-notsofastTests/Pods-notsofastTests.release.xcconfig"; sourceTree = "<group>"; };
/* End PBXFileReference section */

/* Begin PBXFrameworksBuildPhase section */
		D11E81E82094BE8400B87926 /* Frameworks */ = {
			isa = PBXFrameworksBuildPhase;
			buildActionMask = 2147483647;
			files = (
				420F153DF229A009B109BAD9 /* Pods_notsofast.framework in Frameworks */,
			);
			runOnlyForDeploymentPostprocessing = 0;
		};
		D11E81FC2094BE8400B87926 /* Frameworks */ = {
			isa = PBXFrameworksBuildPhase;
			buildActionMask = 2147483647;
			files = (
				A25D314E38D4A07F5DFB9DF6 /* Pods_notsofastTests.framework in Frameworks */,
			);
			runOnlyForDeploymentPostprocessing = 0;
		};
		D11E82072094BE8400B87926 /* Frameworks */ = {
			isa = PBXFrameworksBuildPhase;
			buildActionMask = 2147483647;
			files = (
			);
			runOnlyForDeploymentPostprocessing = 0;
		};
/* End PBXFrameworksBuildPhase section */

/* Begin PBXGroup section */
		B75AF406A4241C5059B4B343 /* Frameworks */ = {
			isa = PBXGroup;
			children = (
				EC4E00DF96029E40F7EB3BE3 /* Pods_notsofast.framework */,
				5C7E6E29EB55ED53B70227E0 /* Pods_notsofastTests.framework */,
			);
			name = Frameworks;
			sourceTree = "<group>";
		};
		D10170CB20A36FC600E748A4 /* model */ = {
			isa = PBXGroup;
			children = (
				D10170CC20A3715B00E748A4 /* Meal.swift */,
				D1B959952119FC370045A9E2 /* ProxyDataSource.swift */,
				D1B95997211A0D990045A9E2 /* DataProvider.swift */,
				D14595BF211C9D3C00966BD9 /* ViewModel.swift */,
				D19E7659211B474D002B83B1 /* CollectingFetchDelegate.swift */,
				D18A2E0A20AB6B2B0076227E /* CoreData */,
			);
			path = model;
			sourceTree = "<group>";
		};
		D11E81E22094BE8400B87926 = {
			isa = PBXGroup;
			children = (
				D11E81ED2094BE8400B87926 /* notsofast */,
				D11E82022094BE8400B87926 /* notsofastTests */,
				D11E820D2094BE8400B87926 /* notsofastUITests */,
				D11E81EC2094BE8400B87926 /* Products */,
				FB859553B295997DA42A1D8B /* Pods */,
				B75AF406A4241C5059B4B343 /* Frameworks */,
			);
			sourceTree = "<group>";
		};
		D11E81EC2094BE8400B87926 /* Products */ = {
			isa = PBXGroup;
			children = (
				D11E81EB2094BE8400B87926 /* notsofast.app */,
				D11E81FF2094BE8400B87926 /* notsofastTests.xctest */,
				D11E820A2094BE8400B87926 /* notsofastUITests.xctest */,
			);
			name = Products;
			sourceTree = "<group>";
		};
		D11E81ED2094BE8400B87926 /* notsofast */ = {
			isa = PBXGroup;
			children = (
				D1F4FB8120E11B8F0058CBFB /* R.generated.swift */,
				D18A2E0E20AB6E640076227E /* Constants.swift */,
				D11E81EE2094BE8400B87926 /* AppDelegate.swift */,
				D18A2E0920AA10000076227E /* extensions */,
				D1F4FB8320E12B030058CBFB /* helpers */,
				D10170CB20A36FC600E748A4 /* model */,
				D18A2E0620AA0F880076227E /* UI */,
				D11E81F52094BE8400B87926 /* Assets.xcassets */,
				D11E81F72094BE8400B87926 /* LaunchScreen.storyboard */,
				D11E81FA2094BE8400B87926 /* Info.plist */,
				D1F4FB7E20E119BE0058CBFB /* LocalizableStrings.strings */,
			);
			path = notsofast;
			sourceTree = "<group>";
		};
		D11E82022094BE8400B87926 /* notsofastTests */ = {
			isa = PBXGroup;
			children = (
				D11E82032094BE8400B87926 /* notsofastTests.swift */,
				D11E82052094BE8400B87926 /* Info.plist */,
			);
			path = notsofastTests;
			sourceTree = "<group>";
		};
		D11E820D2094BE8400B87926 /* notsofastUITests */ = {
			isa = PBXGroup;
			children = (
				D11E820E2094BE8400B87926 /* notsofastUITests.swift */,
				D11E82102094BE8400B87926 /* Info.plist */,
			);
			path = notsofastUITests;
			sourceTree = "<group>";
		};
		D18A2E0620AA0F880076227E /* UI */ = {
			isa = PBXGroup;
			children = (
				D1B9598D2119E4560045A9E2 /* edit meal */,
				D1B959902119F4920045A9E2 /* meal list */,
			);
			path = UI;
			sourceTree = "<group>";
		};
		D18A2E0920AA10000076227E /* extensions */ = {
			isa = PBXGroup;
			children = (
				D18A2E0720AA0FFA0076227E /* UIColorPreset.swift */,
				D12F651E211DF43600026FDC /* DateExtension.swift */,
			);
			path = extensions;
			sourceTree = "<group>";
		};
		D18A2E0A20AB6B2B0076227E /* CoreData */ = {
			isa = PBXGroup;
			children = (
				D18A2E0B20AB6B9A0076227E /* MealsModel.xcdatamodeld */,
				D19B0A8C20ADF7A2003A27B9 /* MealContainer.swift */,
				D19B0A8E20ADFCB9003A27B9 /* MealEntityExtension.swift */,
				D1F4FB8620E182B20058CBFB /* CoreDataProvider.swift */,
				D1B95999211A24A80045A9E2 /* MealListDataProvider.swift */,
			);
			path = CoreData;
			sourceTree = "<group>";
		};
		D1B9598D2119E4560045A9E2 /* edit meal */ = {
			isa = PBXGroup;
			children = (
				D1B9598E2119EEEA0045A9E2 /* NewEditMealViewController.swift */,
				D1F4FB8B20E2B14B0058CBFB /* EditMealViewModel.swift */,
			);
			path = "edit meal";
			sourceTree = "<group>";
		};
		D1B959902119F4920045A9E2 /* meal list */ = {
			isa = PBXGroup;
			children = (
				D14595BD211C817D00966BD9 /* MealListFlowLayout.swift */,
				D1A9CF8F2118B52400E42167 /* MealListViewController.swift */,
				D1B959912119F4AE0045A9E2 /* MealListViewModel.swift */,
				D19E765B211B6E29002B83B1 /* MealCollectionViewCell.swift */,
			);
			path = "meal list";
			sourceTree = "<group>";
		};
		D1F4FB8320E12B030058CBFB /* helpers */ = {
			isa = PBXGroup;
			children = (
				D1F4FB8420E12B830058CBFB /* NSFLog.swift */,
			);
			path = helpers;
			sourceTree = "<group>";
		};
		FB859553B295997DA42A1D8B /* Pods */ = {
			isa = PBXGroup;
			children = (
				2AFC1E81303FB634DB003238 /* Pods-notsofast.debug.xcconfig */,
				D528B5F2609F38BB957A8516 /* Pods-notsofast.release.xcconfig */,
				BAB29090D41CAACA539FCBCC /* Pods-notsofastTests.debug.xcconfig */,
				FC8D8A5AF0A0D9B9A7131A4F /* Pods-notsofastTests.release.xcconfig */,
			);
			name = Pods;
			sourceTree = "<group>";
		};
/* End PBXGroup section */

/* Begin PBXNativeTarget section */
		D11E81EA2094BE8400B87926 /* notsofast */ = {
			isa = PBXNativeTarget;
			buildConfigurationList = D11E82132094BE8400B87926 /* Build configuration list for PBXNativeTarget "notsofast" */;
			buildPhases = (
				FF804728E95C1F0D177E0E08 /* [CP] Check Pods Manifest.lock */,
				D1F4FB8020E11B1F0058CBFB /* ShellScript */,
				D11E81E72094BE8400B87926 /* Sources */,
				D11E81E82094BE8400B87926 /* Frameworks */,
				D11E81E92094BE8400B87926 /* Resources */,
				5E07EDC8729C73D3D979E68A /* [CP] Embed Pods Frameworks */,
			);
			buildRules = (
			);
			dependencies = (
			);
			name = notsofast;
			productName = notsofast;
			productReference = D11E81EB2094BE8400B87926 /* notsofast.app */;
			productType = "com.apple.product-type.application";
		};
		D11E81FE2094BE8400B87926 /* notsofastTests */ = {
			isa = PBXNativeTarget;
			buildConfigurationList = D11E82162094BE8400B87926 /* Build configuration list for PBXNativeTarget "notsofastTests" */;
			buildPhases = (
				4591B5ED6BF10752DBB917E5 /* [CP] Check Pods Manifest.lock */,
				D11E81FB2094BE8400B87926 /* Sources */,
				D11E81FC2094BE8400B87926 /* Frameworks */,
				D11E81FD2094BE8400B87926 /* Resources */,
				AA5942E82CFB91425429B63C /* [CP] Embed Pods Frameworks */,
			);
			buildRules = (
			);
			dependencies = (
				D11E82012094BE8400B87926 /* PBXTargetDependency */,
			);
			name = notsofastTests;
			productName = notsofastTests;
			productReference = D11E81FF2094BE8400B87926 /* notsofastTests.xctest */;
			productType = "com.apple.product-type.bundle.unit-test";
		};
		D11E82092094BE8400B87926 /* notsofastUITests */ = {
			isa = PBXNativeTarget;
			buildConfigurationList = D11E82192094BE8400B87926 /* Build configuration list for PBXNativeTarget "notsofastUITests" */;
			buildPhases = (
				D11E82062094BE8400B87926 /* Sources */,
				D11E82072094BE8400B87926 /* Frameworks */,
				D11E82082094BE8400B87926 /* Resources */,
			);
			buildRules = (
			);
			dependencies = (
				D11E820C2094BE8400B87926 /* PBXTargetDependency */,
			);
			name = notsofastUITests;
			productName = notsofastUITests;
			productReference = D11E820A2094BE8400B87926 /* notsofastUITests.xctest */;
			productType = "com.apple.product-type.bundle.ui-testing";
		};
/* End PBXNativeTarget section */

/* Begin PBXProject section */
		D11E81E32094BE8400B87926 /* Project object */ = {
			isa = PBXProject;
			attributes = {
				LastSwiftUpdateCheck = 0920;
				LastUpgradeCheck = 0920;
				ORGANIZATIONNAME = "Yuri Karabatov";
				TargetAttributes = {
					D11E81EA2094BE8400B87926 = {
						CreatedOnToolsVersion = 9.2;
						ProvisioningStyle = Automatic;
					};
					D11E81FE2094BE8400B87926 = {
						CreatedOnToolsVersion = 9.2;
						ProvisioningStyle = Automatic;
						TestTargetID = D11E81EA2094BE8400B87926;
					};
					D11E82092094BE8400B87926 = {
						CreatedOnToolsVersion = 9.2;
						ProvisioningStyle = Automatic;
						TestTargetID = D11E81EA2094BE8400B87926;
					};
				};
			};
			buildConfigurationList = D11E81E62094BE8400B87926 /* Build configuration list for PBXProject "notsofast" */;
			compatibilityVersion = "Xcode 8.0";
			developmentRegion = en;
			hasScannedForEncodings = 0;
			knownRegions = (
				en,
				Base,
			);
			mainGroup = D11E81E22094BE8400B87926;
			productRefGroup = D11E81EC2094BE8400B87926 /* Products */;
			projectDirPath = "";
			projectRoot = "";
			targets = (
				D11E81EA2094BE8400B87926 /* notsofast */,
				D11E81FE2094BE8400B87926 /* notsofastTests */,
				D11E82092094BE8400B87926 /* notsofastUITests */,
			);
		};
/* End PBXProject section */

/* Begin PBXResourcesBuildPhase section */
		D11E81E92094BE8400B87926 /* Resources */ = {
			isa = PBXResourcesBuildPhase;
			buildActionMask = 2147483647;
			files = (
				D1F4FB7F20E119BE0058CBFB /* LocalizableStrings.strings in Resources */,
				D11E81F92094BE8400B87926 /* LaunchScreen.storyboard in Resources */,
				D11E81F62094BE8400B87926 /* Assets.xcassets in Resources */,
			);
			runOnlyForDeploymentPostprocessing = 0;
		};
		D11E81FD2094BE8400B87926 /* Resources */ = {
			isa = PBXResourcesBuildPhase;
			buildActionMask = 2147483647;
			files = (
			);
			runOnlyForDeploymentPostprocessing = 0;
		};
		D11E82082094BE8400B87926 /* Resources */ = {
			isa = PBXResourcesBuildPhase;
			buildActionMask = 2147483647;
			files = (
			);
			runOnlyForDeploymentPostprocessing = 0;
		};
/* End PBXResourcesBuildPhase section */

/* Begin PBXShellScriptBuildPhase section */
		4591B5ED6BF10752DBB917E5 /* [CP] Check Pods Manifest.lock */ = {
			isa = PBXShellScriptBuildPhase;
			buildActionMask = 2147483647;
			files = (
			);
			inputPaths = (
				"${PODS_PODFILE_DIR_PATH}/Podfile.lock",
				"${PODS_ROOT}/Manifest.lock",
			);
			name = "[CP] Check Pods Manifest.lock";
			outputPaths = (
				"$(DERIVED_FILE_DIR)/Pods-notsofastTests-checkManifestLockResult.txt",
			);
			runOnlyForDeploymentPostprocessing = 0;
			shellPath = /bin/sh;
			shellScript = "diff \"${PODS_PODFILE_DIR_PATH}/Podfile.lock\" \"${PODS_ROOT}/Manifest.lock\" > /dev/null\nif [ $? != 0 ] ; then\n    # print error to STDERR\n    echo \"error: The sandbox is not in sync with the Podfile.lock. Run 'pod install' or update your CocoaPods installation.\" >&2\n    exit 1\nfi\n# This output is used by Xcode 'outputs' to avoid re-running this script phase.\necho \"SUCCESS\" > \"${SCRIPT_OUTPUT_FILE_0}\"\n";
			showEnvVarsInLog = 0;
		};
		5E07EDC8729C73D3D979E68A /* [CP] Embed Pods Frameworks */ = {
			isa = PBXShellScriptBuildPhase;
			buildActionMask = 2147483647;
			files = (
			);
			inputPaths = (
				"${SRCROOT}/Pods/Target Support Files/Pods-notsofast/Pods-notsofast-frameworks.sh",
				"${BUILT_PRODUCTS_DIR}/R.swift.Library/Rswift.framework",
				"${BUILT_PRODUCTS_DIR}/RxCocoa/RxCocoa.framework",
				"${BUILT_PRODUCTS_DIR}/RxSwift/RxSwift.framework",
			);
			name = "[CP] Embed Pods Frameworks";
			outputPaths = (
				"${TARGET_BUILD_DIR}/${FRAMEWORKS_FOLDER_PATH}/Rswift.framework",
				"${TARGET_BUILD_DIR}/${FRAMEWORKS_FOLDER_PATH}/RxCocoa.framework",
				"${TARGET_BUILD_DIR}/${FRAMEWORKS_FOLDER_PATH}/RxSwift.framework",
			);
			runOnlyForDeploymentPostprocessing = 0;
			shellPath = /bin/sh;
			shellScript = "\"${SRCROOT}/Pods/Target Support Files/Pods-notsofast/Pods-notsofast-frameworks.sh\"\n";
			showEnvVarsInLog = 0;
		};
		AA5942E82CFB91425429B63C /* [CP] Embed Pods Frameworks */ = {
			isa = PBXShellScriptBuildPhase;
			buildActionMask = 2147483647;
			files = (
			);
			inputPaths = (
				"${SRCROOT}/Pods/Target Support Files/Pods-notsofastTests/Pods-notsofastTests-frameworks.sh",
				"${BUILT_PRODUCTS_DIR}/RxSwift/RxSwift.framework",
				"${BUILT_PRODUCTS_DIR}/RxBlocking/RxBlocking.framework",
				"${BUILT_PRODUCTS_DIR}/RxTest/RxTest.framework",
			);
			name = "[CP] Embed Pods Frameworks";
			outputPaths = (
				"${TARGET_BUILD_DIR}/${FRAMEWORKS_FOLDER_PATH}/RxSwift.framework",
				"${TARGET_BUILD_DIR}/${FRAMEWORKS_FOLDER_PATH}/RxBlocking.framework",
				"${TARGET_BUILD_DIR}/${FRAMEWORKS_FOLDER_PATH}/RxTest.framework",
			);
			runOnlyForDeploymentPostprocessing = 0;
			shellPath = /bin/sh;
			shellScript = "\"${SRCROOT}/Pods/Target Support Files/Pods-notsofastTests/Pods-notsofastTests-frameworks.sh\"\n";
			showEnvVarsInLog = 0;
		};
		D1F4FB8020E11B1F0058CBFB /* ShellScript */ = {
			isa = PBXShellScriptBuildPhase;
			buildActionMask = 2147483647;
			files = (
			);
			inputPaths = (
			);
			outputPaths = (
			);
			runOnlyForDeploymentPostprocessing = 0;
			shellPath = /bin/sh;
			shellScript = "\"$PODS_ROOT/R.swift/rswift\" generate \"$SRCROOT\"";
			showEnvVarsInLog = 0;
		};
		FF804728E95C1F0D177E0E08 /* [CP] Check Pods Manifest.lock */ = {
			isa = PBXShellScriptBuildPhase;
			buildActionMask = 2147483647;
			files = (
			);
			inputPaths = (
				"${PODS_PODFILE_DIR_PATH}/Podfile.lock",
				"${PODS_ROOT}/Manifest.lock",
			);
			name = "[CP] Check Pods Manifest.lock";
			outputPaths = (
				"$(DERIVED_FILE_DIR)/Pods-notsofast-checkManifestLockResult.txt",
			);
			runOnlyForDeploymentPostprocessing = 0;
			shellPath = /bin/sh;
			shellScript = "diff \"${PODS_PODFILE_DIR_PATH}/Podfile.lock\" \"${PODS_ROOT}/Manifest.lock\" > /dev/null\nif [ $? != 0 ] ; then\n    # print error to STDERR\n    echo \"error: The sandbox is not in sync with the Podfile.lock. Run 'pod install' or update your CocoaPods installation.\" >&2\n    exit 1\nfi\n# This output is used by Xcode 'outputs' to avoid re-running this script phase.\necho \"SUCCESS\" > \"${SCRIPT_OUTPUT_FILE_0}\"\n";
			showEnvVarsInLog = 0;
		};
/* End PBXShellScriptBuildPhase section */

/* Begin PBXSourcesBuildPhase section */
		D11E81E72094BE8400B87926 /* Sources */ = {
			isa = PBXSourcesBuildPhase;
			buildActionMask = 2147483647;
			files = (
				D19E765C211B6E29002B83B1 /* MealCollectionViewCell.swift in Sources */,
				D12F651F211DF43600026FDC /* DateExtension.swift in Sources */,
				D1B9598F2119EEEA0045A9E2 /* NewEditMealViewController.swift in Sources */,
				D14595BE211C817D00966BD9 /* MealListFlowLayout.swift in Sources */,
				D19B0A8F20ADFCB9003A27B9 /* MealEntityExtension.swift in Sources */,
				D1F4FB8520E12B830058CBFB /* NSFLog.swift in Sources */,
				D18A2E0D20AB6B9A0076227E /* MealsModel.xcdatamodeld in Sources */,
				D14595C0211C9D3C00966BD9 /* ViewModel.swift in Sources */,
				D1F4FB8220E11B8F0058CBFB /* R.generated.swift in Sources */,
				D1B959922119F4AE0045A9E2 /* MealListViewModel.swift in Sources */,
				D10170CD20A3715B00E748A4 /* Meal.swift in Sources */,
				D1B9599A211A24A80045A9E2 /* MealListDataProvider.swift in Sources */,
				D18A2E0820AA0FFA0076227E /* UIColorPreset.swift in Sources */,
				D11E81EF2094BE8400B87926 /* AppDelegate.swift in Sources */,
				D19B0A8D20ADF7A2003A27B9 /* MealContainer.swift in Sources */,
				D1A9CF902118B52400E42167 /* MealListViewController.swift in Sources */,
				D19E765A211B474D002B83B1 /* CollectingFetchDelegate.swift in Sources */,
				D1B95998211A0D990045A9E2 /* DataProvider.swift in Sources */,
				D1B959962119FC370045A9E2 /* ProxyDataSource.swift in Sources */,
				D1F4FB8C20E2B14B0058CBFB /* EditMealViewModel.swift in Sources */,
				D18A2E0F20AB6E640076227E /* Constants.swift in Sources */,
				D1F4FB8720E182B20058CBFB /* CoreDataProvider.swift in Sources */,
			);
			runOnlyForDeploymentPostprocessing = 0;
		};
		D11E81FB2094BE8400B87926 /* Sources */ = {
			isa = PBXSourcesBuildPhase;
			buildActionMask = 2147483647;
			files = (
				D11E82042094BE8400B87926 /* notsofastTests.swift in Sources */,
			);
			runOnlyForDeploymentPostprocessing = 0;
		};
		D11E82062094BE8400B87926 /* Sources */ = {
			isa = PBXSourcesBuildPhase;
			buildActionMask = 2147483647;
			files = (
				D11E820F2094BE8400B87926 /* notsofastUITests.swift in Sources */,
			);
			runOnlyForDeploymentPostprocessing = 0;
		};
/* End PBXSourcesBuildPhase section */

/* Begin PBXTargetDependency section */
		D11E82012094BE8400B87926 /* PBXTargetDependency */ = {
			isa = PBXTargetDependency;
			target = D11E81EA2094BE8400B87926 /* notsofast */;
			targetProxy = D11E82002094BE8400B87926 /* PBXContainerItemProxy */;
		};
		D11E820C2094BE8400B87926 /* PBXTargetDependency */ = {
			isa = PBXTargetDependency;
			target = D11E81EA2094BE8400B87926 /* notsofast */;
			targetProxy = D11E820B2094BE8400B87926 /* PBXContainerItemProxy */;
		};
/* End PBXTargetDependency section */

/* Begin PBXVariantGroup section */
		D11E81F72094BE8400B87926 /* LaunchScreen.storyboard */ = {
			isa = PBXVariantGroup;
			children = (
				D11E81F82094BE8400B87926 /* Base */,
			);
			name = LaunchScreen.storyboard;
			sourceTree = "<group>";
		};
/* End PBXVariantGroup section */

/* Begin XCBuildConfiguration section */
		D11E82112094BE8400B87926 /* Debug */ = {
			isa = XCBuildConfiguration;
			buildSettings = {
				ALWAYS_SEARCH_USER_PATHS = NO;
				CLANG_ANALYZER_NONNULL = YES;
				CLANG_ANALYZER_NUMBER_OBJECT_CONVERSION = YES_AGGRESSIVE;
				CLANG_CXX_LANGUAGE_STANDARD = "gnu++14";
				CLANG_CXX_LIBRARY = "libc++";
				CLANG_ENABLE_MODULES = YES;
				CLANG_ENABLE_OBJC_ARC = YES;
				CLANG_WARN_BLOCK_CAPTURE_AUTORELEASING = YES;
				CLANG_WARN_BOOL_CONVERSION = YES;
				CLANG_WARN_COMMA = YES;
				CLANG_WARN_CONSTANT_CONVERSION = YES;
				CLANG_WARN_DIRECT_OBJC_ISA_USAGE = YES_ERROR;
				CLANG_WARN_DOCUMENTATION_COMMENTS = YES;
				CLANG_WARN_EMPTY_BODY = YES;
				CLANG_WARN_ENUM_CONVERSION = YES;
				CLANG_WARN_INFINITE_RECURSION = YES;
				CLANG_WARN_INT_CONVERSION = YES;
				CLANG_WARN_NON_LITERAL_NULL_CONVERSION = YES;
				CLANG_WARN_OBJC_LITERAL_CONVERSION = YES;
				CLANG_WARN_OBJC_ROOT_CLASS = YES_ERROR;
				CLANG_WARN_RANGE_LOOP_ANALYSIS = YES;
				CLANG_WARN_STRICT_PROTOTYPES = YES;
				CLANG_WARN_SUSPICIOUS_MOVE = YES;
				CLANG_WARN_UNGUARDED_AVAILABILITY = YES_AGGRESSIVE;
				CLANG_WARN_UNREACHABLE_CODE = YES;
				CLANG_WARN__DUPLICATE_METHOD_MATCH = YES;
				CODE_SIGN_IDENTITY = "iPhone Developer";
				COPY_PHASE_STRIP = NO;
				DEBUG_INFORMATION_FORMAT = dwarf;
				ENABLE_STRICT_OBJC_MSGSEND = YES;
				ENABLE_TESTABILITY = YES;
				GCC_C_LANGUAGE_STANDARD = gnu11;
				GCC_DYNAMIC_NO_PIC = NO;
				GCC_NO_COMMON_BLOCKS = YES;
				GCC_OPTIMIZATION_LEVEL = 0;
				GCC_PREPROCESSOR_DEFINITIONS = (
					"DEBUG=1",
					"$(inherited)",
				);
				GCC_WARN_64_TO_32_BIT_CONVERSION = YES;
				GCC_WARN_ABOUT_RETURN_TYPE = YES_ERROR;
				GCC_WARN_UNDECLARED_SELECTOR = YES;
				GCC_WARN_UNINITIALIZED_AUTOS = YES_AGGRESSIVE;
				GCC_WARN_UNUSED_FUNCTION = YES;
				GCC_WARN_UNUSED_VARIABLE = YES;
				IPHONEOS_DEPLOYMENT_TARGET = 11.4;
				MTL_ENABLE_DEBUG_INFO = YES;
				ONLY_ACTIVE_ARCH = YES;
				SDKROOT = iphoneos;
				SWIFT_ACTIVE_COMPILATION_CONDITIONS = DEBUG;
				SWIFT_OPTIMIZATION_LEVEL = "-Onone";
			};
			name = Debug;
		};
		D11E82122094BE8400B87926 /* Release */ = {
			isa = XCBuildConfiguration;
			buildSettings = {
				ALWAYS_SEARCH_USER_PATHS = NO;
				CLANG_ANALYZER_NONNULL = YES;
				CLANG_ANALYZER_NUMBER_OBJECT_CONVERSION = YES_AGGRESSIVE;
				CLANG_CXX_LANGUAGE_STANDARD = "gnu++14";
				CLANG_CXX_LIBRARY = "libc++";
				CLANG_ENABLE_MODULES = YES;
				CLANG_ENABLE_OBJC_ARC = YES;
				CLANG_WARN_BLOCK_CAPTURE_AUTORELEASING = YES;
				CLANG_WARN_BOOL_CONVERSION = YES;
				CLANG_WARN_COMMA = YES;
				CLANG_WARN_CONSTANT_CONVERSION = YES;
				CLANG_WARN_DIRECT_OBJC_ISA_USAGE = YES_ERROR;
				CLANG_WARN_DOCUMENTATION_COMMENTS = YES;
				CLANG_WARN_EMPTY_BODY = YES;
				CLANG_WARN_ENUM_CONVERSION = YES;
				CLANG_WARN_INFINITE_RECURSION = YES;
				CLANG_WARN_INT_CONVERSION = YES;
				CLANG_WARN_NON_LITERAL_NULL_CONVERSION = YES;
				CLANG_WARN_OBJC_LITERAL_CONVERSION = YES;
				CLANG_WARN_OBJC_ROOT_CLASS = YES_ERROR;
				CLANG_WARN_RANGE_LOOP_ANALYSIS = YES;
				CLANG_WARN_STRICT_PROTOTYPES = YES;
				CLANG_WARN_SUSPICIOUS_MOVE = YES;
				CLANG_WARN_UNGUARDED_AVAILABILITY = YES_AGGRESSIVE;
				CLANG_WARN_UNREACHABLE_CODE = YES;
				CLANG_WARN__DUPLICATE_METHOD_MATCH = YES;
				CODE_SIGN_IDENTITY = "iPhone Developer";
				COPY_PHASE_STRIP = NO;
				DEBUG_INFORMATION_FORMAT = "dwarf-with-dsym";
				ENABLE_NS_ASSERTIONS = NO;
				ENABLE_STRICT_OBJC_MSGSEND = YES;
				GCC_C_LANGUAGE_STANDARD = gnu11;
				GCC_NO_COMMON_BLOCKS = YES;
				GCC_WARN_64_TO_32_BIT_CONVERSION = YES;
				GCC_WARN_ABOUT_RETURN_TYPE = YES_ERROR;
				GCC_WARN_UNDECLARED_SELECTOR = YES;
				GCC_WARN_UNINITIALIZED_AUTOS = YES_AGGRESSIVE;
				GCC_WARN_UNUSED_FUNCTION = YES;
				GCC_WARN_UNUSED_VARIABLE = YES;
				IPHONEOS_DEPLOYMENT_TARGET = 11.4;
				MTL_ENABLE_DEBUG_INFO = NO;
				SDKROOT = iphoneos;
				SWIFT_OPTIMIZATION_LEVEL = "-Owholemodule";
				VALIDATE_PRODUCT = YES;
			};
			name = Release;
		};
		D11E82142094BE8400B87926 /* Debug */ = {
			isa = XCBuildConfiguration;
			baseConfigurationReference = 2AFC1E81303FB634DB003238 /* Pods-notsofast.debug.xcconfig */;
			buildSettings = {
				ASSETCATALOG_COMPILER_APPICON_NAME = AppIcon;
				CODE_SIGN_IDENTITY = "iPhone Developer";
				CODE_SIGN_STYLE = Automatic;
				DEVELOPMENT_TEAM = 9BC9H7L8K6;
				INFOPLIST_FILE = notsofast/Info.plist;
				IPHONEOS_DEPLOYMENT_TARGET = 10.3;
				LD_RUNPATH_SEARCH_PATHS = "$(inherited) @executable_path/Frameworks";
				PRODUCT_BUNDLE_IDENTIFIER = com.yurikarabatov.notsofast;
				PRODUCT_NAME = "$(TARGET_NAME)";
				PROVISIONING_PROFILE = "";
				PROVISIONING_PROFILE_SPECIFIER = "";
				SWIFT_VERSION = 4.0;
				TARGETED_DEVICE_FAMILY = "1,2";
			};
			name = Debug;
		};
		D11E82152094BE8400B87926 /* Release */ = {
			isa = XCBuildConfiguration;
			baseConfigurationReference = D528B5F2609F38BB957A8516 /* Pods-notsofast.release.xcconfig */;
			buildSettings = {
				ASSETCATALOG_COMPILER_APPICON_NAME = AppIcon;
				CODE_SIGN_IDENTITY = "iPhone Developer";
				CODE_SIGN_STYLE = Automatic;
				DEVELOPMENT_TEAM = 9BC9H7L8K6;
				INFOPLIST_FILE = notsofast/Info.plist;
				IPHONEOS_DEPLOYMENT_TARGET = 10.3;
				LD_RUNPATH_SEARCH_PATHS = "$(inherited) @executable_path/Frameworks";
				PRODUCT_BUNDLE_IDENTIFIER = com.yurikarabatov.notsofast;
				PRODUCT_NAME = "$(TARGET_NAME)";
				PROVISIONING_PROFILE_SPECIFIER = "";
				SWIFT_VERSION = 4.0;
				TARGETED_DEVICE_FAMILY = "1,2";
			};
			name = Release;
		};
		D11E82172094BE8400B87926 /* Debug */ = {
			isa = XCBuildConfiguration;
			baseConfigurationReference = BAB29090D41CAACA539FCBCC /* Pods-notsofastTests.debug.xcconfig */;
			buildSettings = {
				BUNDLE_LOADER = "$(TEST_HOST)";
				CODE_SIGN_STYLE = Automatic;
				DEVELOPMENT_TEAM = 9BC9H7L8K6;
				INFOPLIST_FILE = notsofastTests/Info.plist;
				LD_RUNPATH_SEARCH_PATHS = "$(inherited) @executable_path/Frameworks @loader_path/Frameworks";
				PRODUCT_BUNDLE_IDENTIFIER = com.yurikarabatov.notsofastTests;
				PRODUCT_NAME = "$(TARGET_NAME)";
				SWIFT_VERSION = 4.0;
				TARGETED_DEVICE_FAMILY = "1,2";
				TEST_HOST = "$(BUILT_PRODUCTS_DIR)/notsofast.app/notsofast";
			};
			name = Debug;
		};
		D11E82182094BE8400B87926 /* Release */ = {
			isa = XCBuildConfiguration;
			baseConfigurationReference = FC8D8A5AF0A0D9B9A7131A4F /* Pods-notsofastTests.release.xcconfig */;
			buildSettings = {
				BUNDLE_LOADER = "$(TEST_HOST)";
				CODE_SIGN_STYLE = Automatic;
				DEVELOPMENT_TEAM = 9BC9H7L8K6;
				INFOPLIST_FILE = notsofastTests/Info.plist;
				LD_RUNPATH_SEARCH_PATHS = "$(inherited) @executable_path/Frameworks @loader_path/Frameworks";
				PRODUCT_BUNDLE_IDENTIFIER = com.yurikarabatov.notsofastTests;
				PRODUCT_NAME = "$(TARGET_NAME)";
				SWIFT_VERSION = 4.0;
				TARGETED_DEVICE_FAMILY = "1,2";
				TEST_HOST = "$(BUILT_PRODUCTS_DIR)/notsofast.app/notsofast";
			};
			name = Release;
		};
		D11E821A2094BE8400B87926 /* Debug */ = {
			isa = XCBuildConfiguration;
			buildSettings = {
				ALWAYS_EMBED_SWIFT_STANDARD_LIBRARIES = YES;
				CODE_SIGN_STYLE = Automatic;
				DEVELOPMENT_TEAM = 9BC9H7L8K6;
				INFOPLIST_FILE = notsofastUITests/Info.plist;
				LD_RUNPATH_SEARCH_PATHS = "$(inherited) @executable_path/Frameworks @loader_path/Frameworks";
				PRODUCT_BUNDLE_IDENTIFIER = com.yurikarabatov.notsofastUITests;
				PRODUCT_NAME = "$(TARGET_NAME)";
				SWIFT_VERSION = 4.0;
				TARGETED_DEVICE_FAMILY = "1,2";
				TEST_TARGET_NAME = notsofast;
			};
			name = Debug;
		};
		D11E821B2094BE8400B87926 /* Release */ = {
			isa = XCBuildConfiguration;
			buildSettings = {
				ALWAYS_EMBED_SWIFT_STANDARD_LIBRARIES = YES;
				CODE_SIGN_STYLE = Automatic;
				DEVELOPMENT_TEAM = 9BC9H7L8K6;
				INFOPLIST_FILE = notsofastUITests/Info.plist;
				LD_RUNPATH_SEARCH_PATHS = "$(inherited) @executable_path/Frameworks @loader_path/Frameworks";
				PRODUCT_BUNDLE_IDENTIFIER = com.yurikarabatov.notsofastUITests;
				PRODUCT_NAME = "$(TARGET_NAME)";
				SWIFT_VERSION = 4.0;
				TARGETED_DEVICE_FAMILY = "1,2";
				TEST_TARGET_NAME = notsofast;
			};
			name = Release;
		};
/* End XCBuildConfiguration section */

/* Begin XCConfigurationList section */
		D11E81E62094BE8400B87926 /* Build configuration list for PBXProject "notsofast" */ = {
			isa = XCConfigurationList;
			buildConfigurations = (
				D11E82112094BE8400B87926 /* Debug */,
				D11E82122094BE8400B87926 /* Release */,
			);
			defaultConfigurationIsVisible = 0;
			defaultConfigurationName = Release;
		};
		D11E82132094BE8400B87926 /* Build configuration list for PBXNativeTarget "notsofast" */ = {
			isa = XCConfigurationList;
			buildConfigurations = (
				D11E82142094BE8400B87926 /* Debug */,
				D11E82152094BE8400B87926 /* Release */,
			);
			defaultConfigurationIsVisible = 0;
			defaultConfigurationName = Release;
		};
		D11E82162094BE8400B87926 /* Build configuration list for PBXNativeTarget "notsofastTests" */ = {
			isa = XCConfigurationList;
			buildConfigurations = (
				D11E82172094BE8400B87926 /* Debug */,
				D11E82182094BE8400B87926 /* Release */,
			);
			defaultConfigurationIsVisible = 0;
			defaultConfigurationName = Release;
		};
		D11E82192094BE8400B87926 /* Build configuration list for PBXNativeTarget "notsofastUITests" */ = {
			isa = XCConfigurationList;
			buildConfigurations = (
				D11E821A2094BE8400B87926 /* Debug */,
				D11E821B2094BE8400B87926 /* Release */,
			);
			defaultConfigurationIsVisible = 0;
			defaultConfigurationName = Release;
		};
/* End XCConfigurationList section */

/* Begin XCVersionGroup section */
		D18A2E0B20AB6B9A0076227E /* MealsModel.xcdatamodeld */ = {
			isa = XCVersionGroup;
			children = (
				D18A2E0C20AB6B9A0076227E /* MealsModel.xcdatamodel */,
			);
			currentVersion = D18A2E0C20AB6B9A0076227E /* MealsModel.xcdatamodel */;
			path = MealsModel.xcdatamodeld;
			sourceTree = "<group>";
			versionGroupType = wrapper.xcdatamodel;
		};
/* End XCVersionGroup section */
	};
	rootObject = D11E81E32094BE8400B87926 /* Project object */;
}
